// !$*UTF8*$!
{
	archiveVersion = 1;
	classes = {
	};
	objectVersion = 51;
	objects = {

/* Begin PBXBuildFile section */
		CF79A5FFB1653DF28D3E2043 /* Pods_LotteryAlarm.framework in Frameworks */ = {isa = PBXBuildFile; fileRef = 5D1D4D07B66A7E0FA59BB8F3 /* Pods_LotteryAlarm.framework */; };
		E3187E4024361C3B006FA92D /* SelectedTime.swift in Sources */ = {isa = PBXBuildFile; fileRef = E3187E3F24361C3B006FA92D /* SelectedTime.swift */; };
		E384984A2437852000CC9358 /* GoogleService-Info.plist in Resources */ = {isa = PBXBuildFile; fileRef = E38498492437851F00CC9358 /* GoogleService-Info.plist */; };
		E384984E24378E5B00CC9358 /* TestViewController.swift in Sources */ = {isa = PBXBuildFile; fileRef = E384984D24378E5B00CC9358 /* TestViewController.swift */; };
		E38498532439F1B500CC9358 /* ComeViewController.swift in Sources */ = {isa = PBXBuildFile; fileRef = E38498522439F1B500CC9358 /* ComeViewController.swift */; };
		E393699B242A3FDA008EC91F /* AppDelegate.swift in Sources */ = {isa = PBXBuildFile; fileRef = E393699A242A3FDA008EC91F /* AppDelegate.swift */; };
		E393699D242A3FDA008EC91F /* SceneDelegate.swift in Sources */ = {isa = PBXBuildFile; fileRef = E393699C242A3FDA008EC91F /* SceneDelegate.swift */; };
		E393699F242A3FDA008EC91F /* FirstViewController.swift in Sources */ = {isa = PBXBuildFile; fileRef = E393699E242A3FDA008EC91F /* FirstViewController.swift */; };
		E39369A1242A3FDA008EC91F /* SecondViewController.swift in Sources */ = {isa = PBXBuildFile; fileRef = E39369A0242A3FDA008EC91F /* SecondViewController.swift */; };
		E39369A4242A3FDA008EC91F /* Main.storyboard in Resources */ = {isa = PBXBuildFile; fileRef = E39369A2242A3FDA008EC91F /* Main.storyboard */; };
		E39369A6242A3FDE008EC91F /* Assets.xcassets in Resources */ = {isa = PBXBuildFile; fileRef = E39369A5242A3FDE008EC91F /* Assets.xcassets */; };
		E39369A9242A3FDE008EC91F /* LaunchScreen.storyboard in Resources */ = {isa = PBXBuildFile; fileRef = E39369A7242A3FDE008EC91F /* LaunchScreen.storyboard */; };
		E39369B2242A42DE008EC91F /* Alarm.swift in Sources */ = {isa = PBXBuildFile; fileRef = E39369B1242A42DE008EC91F /* Alarm.swift */; };
		E39369B5242E6E92008EC91F /* time.swift in Sources */ = {isa = PBXBuildFile; fileRef = E39369B4242E6E91008EC91F /* time.swift */; };
/* End PBXBuildFile section */

/* Begin PBXFileReference section */
		5D1D4D07B66A7E0FA59BB8F3 /* Pods_LotteryAlarm.framework */ = {isa = PBXFileReference; explicitFileType = wrapper.framework; includeInIndex = 0; path = Pods_LotteryAlarm.framework; sourceTree = BUILT_PRODUCTS_DIR; };
		D17A2196BF9114FAD22022E7 /* Pods-LotteryAlarm.release.xcconfig */ = {isa = PBXFileReference; includeInIndex = 1; lastKnownFileType = text.xcconfig; name = "Pods-LotteryAlarm.release.xcconfig"; path = "Target Support Files/Pods-LotteryAlarm/Pods-LotteryAlarm.release.xcconfig"; sourceTree = "<group>"; };
		E033755086297448E3D99FB2 /* Pods-LotteryAlarm.debug.xcconfig */ = {isa = PBXFileReference; includeInIndex = 1; lastKnownFileType = text.xcconfig; name = "Pods-LotteryAlarm.debug.xcconfig"; path = "Target Support Files/Pods-LotteryAlarm/Pods-LotteryAlarm.debug.xcconfig"; sourceTree = "<group>"; };
		E3187E3F24361C3B006FA92D /* SelectedTime.swift */ = {isa = PBXFileReference; lastKnownFileType = sourcecode.swift; path = SelectedTime.swift; sourceTree = "<group>"; };
		E38498492437851F00CC9358 /* GoogleService-Info.plist */ = {isa = PBXFileReference; fileEncoding = 4; lastKnownFileType = text.plist.xml; path = "GoogleService-Info.plist"; sourceTree = "<group>"; };
		E384984D24378E5B00CC9358 /* TestViewController.swift */ = {isa = PBXFileReference; lastKnownFileType = sourcecode.swift; path = TestViewController.swift; sourceTree = "<group>"; };
		E384984F2438D49100CC9358 /* LotteryAlarm.entitlements */ = {isa = PBXFileReference; lastKnownFileType = text.plist.entitlements; path = LotteryAlarm.entitlements; sourceTree = "<group>"; };
		E38498522439F1B500CC9358 /* ComeViewController.swift */ = {isa = PBXFileReference; lastKnownFileType = sourcecode.swift; path = ComeViewController.swift; sourceTree = "<group>"; };
		E3936997242A3FDA008EC91F /* LotteryAlarm.app */ = {isa = PBXFileReference; explicitFileType = wrapper.application; includeInIndex = 0; path = LotteryAlarm.app; sourceTree = BUILT_PRODUCTS_DIR; };
		E393699A242A3FDA008EC91F /* AppDelegate.swift */ = {isa = PBXFileReference; lastKnownFileType = sourcecode.swift; path = AppDelegate.swift; sourceTree = "<group>"; };
		E393699C242A3FDA008EC91F /* SceneDelegate.swift */ = {isa = PBXFileReference; lastKnownFileType = sourcecode.swift; path = SceneDelegate.swift; sourceTree = "<group>"; };
		E393699E242A3FDA008EC91F /* FirstViewController.swift */ = {isa = PBXFileReference; lastKnownFileType = sourcecode.swift; path = FirstViewController.swift; sourceTree = "<group>"; };
		E39369A0242A3FDA008EC91F /* SecondViewController.swift */ = {isa = PBXFileReference; lastKnownFileType = sourcecode.swift; path = SecondViewController.swift; sourceTree = "<group>"; };
		E39369A3242A3FDA008EC91F /* Base */ = {isa = PBXFileReference; lastKnownFileType = file.storyboard; name = Base; path = Base.lproj/Main.storyboard; sourceTree = "<group>"; };
		E39369A5242A3FDE008EC91F /* Assets.xcassets */ = {isa = PBXFileReference; lastKnownFileType = folder.assetcatalog; path = Assets.xcassets; sourceTree = "<group>"; };
		E39369A8242A3FDE008EC91F /* Base */ = {isa = PBXFileReference; lastKnownFileType = file.storyboard; name = Base; path = Base.lproj/LaunchScreen.storyboard; sourceTree = "<group>"; };
		E39369AA242A3FDE008EC91F /* Info.plist */ = {isa = PBXFileReference; lastKnownFileType = text.plist.xml; path = Info.plist; sourceTree = "<group>"; };
		E39369B1242A42DE008EC91F /* Alarm.swift */ = {isa = PBXFileReference; lastKnownFileType = sourcecode.swift; path = Alarm.swift; sourceTree = "<group>"; };
		E39369B4242E6E91008EC91F /* time.swift */ = {isa = PBXFileReference; lastKnownFileType = sourcecode.swift; path = time.swift; sourceTree = "<group>"; };
/* End PBXFileReference section */

/* Begin PBXFrameworksBuildPhase section */
		E3936994242A3FDA008EC91F /* Frameworks */ = {
			isa = PBXFrameworksBuildPhase;
			buildActionMask = 2147483647;
			files = (
				CF79A5FFB1653DF28D3E2043 /* Pods_LotteryAlarm.framework in Frameworks */,
			);
			runOnlyForDeploymentPostprocessing = 0;
		};
/* End PBXFrameworksBuildPhase section */

/* Begin PBXGroup section */
		94D59238EF88652FFA69EF1F /* Pods */ = {
			isa = PBXGroup;
			children = (
				E033755086297448E3D99FB2 /* Pods-LotteryAlarm.debug.xcconfig */,
				D17A2196BF9114FAD22022E7 /* Pods-LotteryAlarm.release.xcconfig */,
			);
			path = Pods;
			sourceTree = "<group>";
		};
		9CEEC4E0902CCA2360200603 /* Frameworks */ = {
			isa = PBXGroup;
			children = (
				5D1D4D07B66A7E0FA59BB8F3 /* Pods_LotteryAlarm.framework */,
			);
			name = Frameworks;
			sourceTree = "<group>";
		};
		E393698E242A3FDA008EC91F = {
			isa = PBXGroup;
			children = (
				E3936999242A3FDA008EC91F /* LotteryAlarm */,
				E3936998242A3FDA008EC91F /* Products */,
				94D59238EF88652FFA69EF1F /* Pods */,
				9CEEC4E0902CCA2360200603 /* Frameworks */,
			);
			sourceTree = "<group>";
		};
		E3936998242A3FDA008EC91F /* Products */ = {
			isa = PBXGroup;
			children = (
				E3936997242A3FDA008EC91F /* LotteryAlarm.app */,
			);
			name = Products;
			sourceTree = "<group>";
		};
		E3936999242A3FDA008EC91F /* LotteryAlarm */ = {
			isa = PBXGroup;
			children = (
				E384984F2438D49100CC9358 /* LotteryAlarm.entitlements */,
				E39369B3242E6E3D008EC91F /* class */,
				E39369B0242A42C1008EC91F /* table */,
				E393699A242A3FDA008EC91F /* AppDelegate.swift */,
				E393699C242A3FDA008EC91F /* SceneDelegate.swift */,
				E393699E242A3FDA008EC91F /* FirstViewController.swift */,
				E39369A0242A3FDA008EC91F /* SecondViewController.swift */,
				E39369A2242A3FDA008EC91F /* Main.storyboard */,
				E39369A5242A3FDE008EC91F /* Assets.xcassets */,
				E39369A7242A3FDE008EC91F /* LaunchScreen.storyboard */,
				E38498492437851F00CC9358 /* GoogleService-Info.plist */,
				E39369AA242A3FDE008EC91F /* Info.plist */,
				E384984D24378E5B00CC9358 /* TestViewController.swift */,
				E38498522439F1B500CC9358 /* ComeViewController.swift */,
			);
			path = LotteryAlarm;
			sourceTree = "<group>";
		};
		E39369B0242A42C1008EC91F /* table */ = {
			isa = PBXGroup;
			children = (
				E39369B1242A42DE008EC91F /* Alarm.swift */,
				E3187E3F24361C3B006FA92D /* SelectedTime.swift */,
			);
			path = table;
			sourceTree = "<group>";
		};
		E39369B3242E6E3D008EC91F /* class */ = {
			isa = PBXGroup;
			children = (
				E39369B4242E6E91008EC91F /* time.swift */,
			);
			path = class;
			sourceTree = "<group>";
		};
/* End PBXGroup section */

/* Begin PBXNativeTarget section */
		E3936996242A3FDA008EC91F /* LotteryAlarm */ = {
			isa = PBXNativeTarget;
			buildConfigurationList = E39369AD242A3FDE008EC91F /* Build configuration list for PBXNativeTarget "LotteryAlarm" */;
			buildPhases = (
				BBC3EBCCDA6B8D93BAECD259 /* [CP] Check Pods Manifest.lock */,
				E3936993242A3FDA008EC91F /* Sources */,
				E3936994242A3FDA008EC91F /* Frameworks */,
				E3936995242A3FDA008EC91F /* Resources */,
				B15AAC6FF6BD2D2F521FA032 /* [CP] Embed Pods Frameworks */,
			);
			buildRules = (
			);
			dependencies = (
			);
			name = LotteryAlarm;
			productName = LotteryAlarm;
			productReference = E3936997242A3FDA008EC91F /* LotteryAlarm.app */;
			productType = "com.apple.product-type.application";
		};
/* End PBXNativeTarget section */

/* Begin PBXProject section */
		E393698F242A3FDA008EC91F /* Project object */ = {
			isa = PBXProject;
			attributes = {
				LastSwiftUpdateCheck = 1130;
				LastUpgradeCheck = 1130;
				ORGANIZATIONNAME = "中口翔太";
				TargetAttributes = {
					E3936996242A3FDA008EC91F = {
						CreatedOnToolsVersion = 11.3.1;
					};
				};
			};
			buildConfigurationList = E3936992242A3FDA008EC91F /* Build configuration list for PBXProject "LotteryAlarm" */;
			compatibilityVersion = "Xcode 9.3";
			developmentRegion = en;
			hasScannedForEncodings = 0;
			knownRegions = (
				en,
				Base,
			);
			mainGroup = E393698E242A3FDA008EC91F;
			productRefGroup = E3936998242A3FDA008EC91F /* Products */;
			projectDirPath = "";
			projectRoot = "";
			targets = (
				E3936996242A3FDA008EC91F /* LotteryAlarm */,
			);
		};
/* End PBXProject section */

/* Begin PBXResourcesBuildPhase section */
		E3936995242A3FDA008EC91F /* Resources */ = {
			isa = PBXResourcesBuildPhase;
			buildActionMask = 2147483647;
			files = (
				E39369A9242A3FDE008EC91F /* LaunchScreen.storyboard in Resources */,
				E384984A2437852000CC9358 /* GoogleService-Info.plist in Resources */,
				E39369A6242A3FDE008EC91F /* Assets.xcassets in Resources */,
				E39369A4242A3FDA008EC91F /* Main.storyboard in Resources */,
			);
			runOnlyForDeploymentPostprocessing = 0;
		};
/* End PBXResourcesBuildPhase section */

/* Begin PBXShellScriptBuildPhase section */
		B15AAC6FF6BD2D2F521FA032 /* [CP] Embed Pods Frameworks */ = {
			isa = PBXShellScriptBuildPhase;
			buildActionMask = 2147483647;
			files = (
			);
			inputFileListPaths = (
				"${PODS_ROOT}/Target Support Files/Pods-LotteryAlarm/Pods-LotteryAlarm-frameworks-${CONFIGURATION}-input-files.xcfilelist",
			);
			name = "[CP] Embed Pods Frameworks";
			outputFileListPaths = (
				"${PODS_ROOT}/Target Support Files/Pods-LotteryAlarm/Pods-LotteryAlarm-frameworks-${CONFIGURATION}-output-files.xcfilelist",
			);
			runOnlyForDeploymentPostprocessing = 0;
			shellPath = /bin/sh;
			shellScript = "\"${PODS_ROOT}/Target Support Files/Pods-LotteryAlarm/Pods-LotteryAlarm-frameworks.sh\"\n";
			showEnvVarsInLog = 0;
		};
		BBC3EBCCDA6B8D93BAECD259 /* [CP] Check Pods Manifest.lock */ = {
			isa = PBXShellScriptBuildPhase;
			buildActionMask = 2147483647;
			files = (
			);
			inputFileListPaths = (
			);
			inputPaths = (
				"${PODS_PODFILE_DIR_PATH}/Podfile.lock",
				"${PODS_ROOT}/Manifest.lock",
			);
			name = "[CP] Check Pods Manifest.lock";
			outputFileListPaths = (
			);
			outputPaths = (
				"$(DERIVED_FILE_DIR)/Pods-LotteryAlarm-checkManifestLockResult.txt",
			);
			runOnlyForDeploymentPostprocessing = 0;
			shellPath = /bin/sh;
			shellScript = "diff \"${PODS_PODFILE_DIR_PATH}/Podfile.lock\" \"${PODS_ROOT}/Manifest.lock\" > /dev/null\nif [ $? != 0 ] ; then\n    # print error to STDERR\n    echo \"error: The sandbox is not in sync with the Podfile.lock. Run 'pod install' or update your CocoaPods installation.\" >&2\n    exit 1\nfi\n# This output is used by Xcode 'outputs' to avoid re-running this script phase.\necho \"SUCCESS\" > \"${SCRIPT_OUTPUT_FILE_0}\"\n";
			showEnvVarsInLog = 0;
		};
/* End PBXShellScriptBuildPhase section */

/* Begin PBXSourcesBuildPhase section */
		E3936993242A3FDA008EC91F /* Sources */ = {
			isa = PBXSourcesBuildPhase;
			buildActionMask = 2147483647;
			files = (
				E39369A1242A3FDA008EC91F /* SecondViewController.swift in Sources */,
				E393699F242A3FDA008EC91F /* FirstViewController.swift in Sources */,
				E384984E24378E5B00CC9358 /* TestViewController.swift in Sources */,
				E39369B5242E6E92008EC91F /* time.swift in Sources */,
				E39369B2242A42DE008EC91F /* Alarm.swift in Sources */,
				E393699B242A3FDA008EC91F /* AppDelegate.swift in Sources */,
				E393699D242A3FDA008EC91F /* SceneDelegate.swift in Sources */,
				E3187E4024361C3B006FA92D /* SelectedTime.swift in Sources */,
				E38498532439F1B500CC9358 /* ComeViewController.swift in Sources */,
			);
			runOnlyForDeploymentPostprocessing = 0;
		};
/* End PBXSourcesBuildPhase section */

/* Begin PBXVariantGroup section */
		E39369A2242A3FDA008EC91F /* Main.storyboard */ = {
			isa = PBXVariantGroup;
			children = (
				E39369A3242A3FDA008EC91F /* Base */,
			);
			name = Main.storyboard;
			sourceTree = "<group>";
		};
		E39369A7242A3FDE008EC91F /* LaunchScreen.storyboard */ = {
			isa = PBXVariantGroup;
			children = (
				E39369A8242A3FDE008EC91F /* Base */,
			);
			name = LaunchScreen.storyboard;
			sourceTree = "<group>";
		};
/* End PBXVariantGroup section */

/* Begin XCBuildConfiguration section */
		E39369AB242A3FDE008EC91F /* Debug */ = {
			isa = XCBuildConfiguration;
			buildSettings = {
				ALWAYS_SEARCH_USER_PATHS = NO;
				CLANG_ANALYZER_NONNULL = YES;
				CLANG_ANALYZER_NUMBER_OBJECT_CONVERSION = YES_AGGRESSIVE;
				CLANG_CXX_LANGUAGE_STANDARD = "gnu++14";
				CLANG_CXX_LIBRARY = "libc++";
				CLANG_ENABLE_MODULES = YES;
				CLANG_ENABLE_OBJC_ARC = YES;
				CLANG_ENABLE_OBJC_WEAK = YES;
				CLANG_WARN_BLOCK_CAPTURE_AUTORELEASING = YES;
				CLANG_WARN_BOOL_CONVERSION = YES;
				CLANG_WARN_COMMA = YES;
				CLANG_WARN_CONSTANT_CONVERSION = YES;
				CLANG_WARN_DEPRECATED_OBJC_IMPLEMENTATIONS = YES;
				CLANG_WARN_DIRECT_OBJC_ISA_USAGE = YES_ERROR;
				CLANG_WARN_DOCUMENTATION_COMMENTS = YES;
				CLANG_WARN_EMPTY_BODY = YES;
				CLANG_WARN_ENUM_CONVERSION = YES;
				CLANG_WARN_INFINITE_RECURSION = YES;
				CLANG_WARN_INT_CONVERSION = YES;
				CLANG_WARN_NON_LITERAL_NULL_CONVERSION = YES;
				CLANG_WARN_OBJC_IMPLICIT_RETAIN_SELF = YES;
				CLANG_WARN_OBJC_LITERAL_CONVERSION = YES;
				CLANG_WARN_OBJC_ROOT_CLASS = YES_ERROR;
				CLANG_WARN_RANGE_LOOP_ANALYSIS = YES;
				CLANG_WARN_STRICT_PROTOTYPES = YES;
				CLANG_WARN_SUSPICIOUS_MOVE = YES;
				CLANG_WARN_UNGUARDED_AVAILABILITY = YES_AGGRESSIVE;
				CLANG_WARN_UNREACHABLE_CODE = YES;
				CLANG_WARN__DUPLICATE_METHOD_MATCH = YES;
				COPY_PHASE_STRIP = NO;
				DEBUG_INFORMATION_FORMAT = dwarf;
				ENABLE_STRICT_OBJC_MSGSEND = YES;
				ENABLE_TESTABILITY = YES;
				GCC_C_LANGUAGE_STANDARD = gnu11;
				GCC_DYNAMIC_NO_PIC = NO;
				GCC_NO_COMMON_BLOCKS = YES;
				GCC_OPTIMIZATION_LEVEL = 0;
				GCC_PREPROCESSOR_DEFINITIONS = (
					"DEBUG=1",
					"$(inherited)",
				);
				GCC_WARN_64_TO_32_BIT_CONVERSION = YES;
				GCC_WARN_ABOUT_RETURN_TYPE = YES_ERROR;
				GCC_WARN_UNDECLARED_SELECTOR = YES;
				GCC_WARN_UNINITIALIZED_AUTOS = YES_AGGRESSIVE;
				GCC_WARN_UNUSED_FUNCTION = YES;
				GCC_WARN_UNUSED_VARIABLE = YES;
				IPHONEOS_DEPLOYMENT_TARGET = 13.2;
				MTL_ENABLE_DEBUG_INFO = INCLUDE_SOURCE;
				MTL_FAST_MATH = YES;
				ONLY_ACTIVE_ARCH = YES;
				SDKROOT = iphoneos;
				SWIFT_ACTIVE_COMPILATION_CONDITIONS = DEBUG;
				SWIFT_OPTIMIZATION_LEVEL = "-Onone";
			};
			name = Debug;
		};
		E39369AC242A3FDE008EC91F /* Release */ = {
			isa = XCBuildConfiguration;
			buildSettings = {
				ALWAYS_SEARCH_USER_PATHS = NO;
				CLANG_ANALYZER_NONNULL = YES;
				CLANG_ANALYZER_NUMBER_OBJECT_CONVERSION = YES_AGGRESSIVE;
				CLANG_CXX_LANGUAGE_STANDARD = "gnu++14";
				CLANG_CXX_LIBRARY = "libc++";
				CLANG_ENABLE_MODULES = YES;
				CLANG_ENABLE_OBJC_ARC = YES;
				CLANG_ENABLE_OBJC_WEAK = YES;
				CLANG_WARN_BLOCK_CAPTURE_AUTORELEASING = YES;
				CLANG_WARN_BOOL_CONVERSION = YES;
				CLANG_WARN_COMMA = YES;
				CLANG_WARN_CONSTANT_CONVERSION = YES;
				CLANG_WARN_DEPRECATED_OBJC_IMPLEMENTATIONS = YES;
				CLANG_WARN_DIRECT_OBJC_ISA_USAGE = YES_ERROR;
				CLANG_WARN_DOCUMENTATION_COMMENTS = YES;
				CLANG_WARN_EMPTY_BODY = YES;
				CLANG_WARN_ENUM_CONVERSION = YES;
				CLANG_WARN_INFINITE_RECURSION = YES;
				CLANG_WARN_INT_CONVERSION = YES;
				CLANG_WARN_NON_LITERAL_NULL_CONVERSION = YES;
				CLANG_WARN_OBJC_IMPLICIT_RETAIN_SELF = YES;
				CLANG_WARN_OBJC_LITERAL_CONVERSION = YES;
				CLANG_WARN_OBJC_ROOT_CLASS = YES_ERROR;
				CLANG_WARN_RANGE_LOOP_ANALYSIS = YES;
				CLANG_WARN_STRICT_PROTOTYPES = YES;
				CLANG_WARN_SUSPICIOUS_MOVE = YES;
				CLANG_WARN_UNGUARDED_AVAILABILITY = YES_AGGRESSIVE;
				CLANG_WARN_UNREACHABLE_CODE = YES;
				CLANG_WARN__DUPLICATE_METHOD_MATCH = YES;
				COPY_PHASE_STRIP = NO;
				DEBUG_INFORMATION_FORMAT = "dwarf-with-dsym";
				ENABLE_NS_ASSERTIONS = NO;
				ENABLE_STRICT_OBJC_MSGSEND = YES;
				GCC_C_LANGUAGE_STANDARD = gnu11;
				GCC_NO_COMMON_BLOCKS = YES;
				GCC_WARN_64_TO_32_BIT_CONVERSION = YES;
				GCC_WARN_ABOUT_RETURN_TYPE = YES_ERROR;
				GCC_WARN_UNDECLARED_SELECTOR = YES;
				GCC_WARN_UNINITIALIZED_AUTOS = YES_AGGRESSIVE;
				GCC_WARN_UNUSED_FUNCTION = YES;
				GCC_WARN_UNUSED_VARIABLE = YES;
				IPHONEOS_DEPLOYMENT_TARGET = 13.2;
				MTL_ENABLE_DEBUG_INFO = NO;
				MTL_FAST_MATH = YES;
				SDKROOT = iphoneos;
				SWIFT_COMPILATION_MODE = wholemodule;
				SWIFT_OPTIMIZATION_LEVEL = "-O";
				VALIDATE_PRODUCT = YES;
			};
			name = Release;
		};
		E39369AE242A3FDE008EC91F /* Debug */ = {
			isa = XCBuildConfiguration;
			baseConfigurationReference = E033755086297448E3D99FB2 /* Pods-LotteryAlarm.debug.xcconfig */;
			buildSettings = {
				ASSETCATALOG_COMPILER_APPICON_NAME = AppIcon;
				CODE_SIGN_ENTITLEMENTS = LotteryAlarm/LotteryAlarm.entitlements;
				CODE_SIGN_STYLE = Automatic;
				DEVELOPMENT_TEAM = GALBZY6HUB;
				INFOPLIST_FILE = LotteryAlarm/Info.plist;
				LD_RUNPATH_SEARCH_PATHS = (
					"$(inherited)",
					"@executable_path/Frameworks",
				);
				PRODUCT_BUNDLE_IDENTIFIER = ShotaNakaguchi.LotteryAlarm;
				PRODUCT_NAME = "$(TARGET_NAME)";
				SWIFT_VERSION = 5.0;
				TARGETED_DEVICE_FAMILY = "1,2";
			};
			name = Debug;
		};
		E39369AF242A3FDE008EC91F /* Release */ = {
			isa = XCBuildConfiguration;
			baseConfigurationReference = D17A2196BF9114FAD22022E7 /* Pods-LotteryAlarm.release.xcconfig */;
			buildSettings = {
				ASSETCATALOG_COMPILER_APPICON_NAME = AppIcon;
				CODE_SIGN_ENTITLEMENTS = LotteryAlarm/LotteryAlarm.entitlements;
				CODE_SIGN_STYLE = Automatic;
				DEVELOPMENT_TEAM = GALBZY6HUB;
				INFOPLIST_FILE = LotteryAlarm/Info.plist;
				LD_RUNPATH_SEARCH_PATHS = (
					"$(inherited)",
					"@executable_path/Frameworks",
				);
				PRODUCT_BUNDLE_IDENTIFIER = ShotaNakaguchi.LotteryAlarm;
				PRODUCT_NAME = "$(TARGET_NAME)";
				SWIFT_VERSION = 5.0;
				TARGETED_DEVICE_FAMILY = "1,2";
			};
			name = Release;
		};
/* End XCBuildConfiguration section */

/* Begin XCConfigurationList section */
		E3936992242A3FDA008EC91F /* Build configuration list for PBXProject "LotteryAlarm" */ = {
			isa = XCConfigurationList;
			buildConfigurations = (
				E39369AB242A3FDE008EC91F /* Debug */,
				E39369AC242A3FDE008EC91F /* Release */,
			);
			defaultConfigurationIsVisible = 0;
			defaultConfigurationName = Release;
		};
		E39369AD242A3FDE008EC91F /* Build configuration list for PBXNativeTarget "LotteryAlarm" */ = {
			isa = XCConfigurationList;
			buildConfigurations = (
				E39369AE242A3FDE008EC91F /* Debug */,
				E39369AF242A3FDE008EC91F /* Release */,
			);
			defaultConfigurationIsVisible = 0;
			defaultConfigurationName = Release;
		};
/* End XCConfigurationList section */
	};
	rootObject = E393698F242A3FDA008EC91F /* Project object */;
}
